
Microsoft Visual Studio Solution File, Format Version 12.00
# Visual Studio Version 16
VisualStudioVersion = 16.0.30320.27
MinimumVisualStudioVersion = 10.0.40219.1
Project("{FAE04EC0-301F-11D3-BF4B-00C04F79EFBC}") = "Graphiczone", "Graphiczone\Graphiczone.csproj", "{6F8C495A-4B52-4E67-8CD2-739A78C115C4}"
EndProject
Global
	GlobalSection(SolutionConfigurationPlatforms) = preSolution
		Debug|Any CPU = Debug|Any CPU
		Release|Any CPU = Release|Any CPU
	EndGlobalSection
	GlobalSection(ProjectConfigurationPlatforms) = postSolution
		{6F8C495A-4B52-4E67-8CD2-739A78C115C4}.Debug|Any CPU.ActiveCfg = Debug|Any CPU
		{6F8C495A-4B52-4E67-8CD2-739A78C115C4}.Debug|Any CPU.Build.0 = Debug|Any CPU
		{6F8C495A-4B52-4E67-8CD2-739A78C115C4}.Release|Any CPU.ActiveCfg = Release|Any CPU
		{6F8C495A-4B52-4E67-8CD2-739A78C115C4}.Release|Any CPU.Build.0 = Release|Any CPU
	EndGlobalSection
	GlobalSection(SolutionProperties) = preSolution
		HideSolutionNode = FALSE
	EndGlobalSection
	GlobalSection(ExtensibilityGlobals) = postSolution
		SolutionGuid = {696815F5-F096-4F0B-9478-2BC030AA83FB}
	EndGlobalSection
EndGlobal
